# Generated by pub
# See https://dart.dev/tools/pub/glossary#lockfile
packages:
  collection:
    dependency: transitive
    description:
      name: collection
      sha256: "2f5709ae4d3d59dd8f7cd309b4e023046b57d8a6c82130785d2b0e5868084e76"
      url: "https://pub.dev"
    source: hosted
    version: "1.19.1"
  crypto:
    dependency: transitive
    description:
      name: crypto
      sha256: "1e445881f28f22d6140f181e07737b22f1e099a5e1ff94b0af2f9e4a463f4855"
      url: "https://pub.dev"
    source: hosted
    version: "3.0.6"
  df_debouncer:
    dependency: transitive
    description:
      name: df_debouncer
      sha256: dded0a658834472009ea5845b9a193b002cb6de4ce50d479f1c3b94acf9d85d3
      url: "https://pub.dev"
    source: hosted
    version: "0.4.16"
  df_di:
    dependency: "direct main"
    description:
      name: df_di
      sha256: ca9fadcb846a1625f562df80a3ab734ee514392a6c62b16dcae9bf219b0370fe
      url: "https://pub.dev"
    source: hosted
    version: "0.15.6"
  df_log:
    dependency: transitive
    description:
      name: df_log
      sha256: "77788fa861036ebd2c458cffb261115039a774f8c9cd1ec8c8da3e5c8e3b2b0a"
      url: "https://pub.dev"
    source: hosted
    version: "0.3.26"
  df_safer_dart:
    dependency: transitive
    description:
      name: df_safer_dart
      sha256: b2458b88cbe340cfb6e11f8eabc965c78cfc39852039286c057fc27570d803e9
      url: "https://pub.dev"
    source: hosted
    version: "0.17.8"
  df_safer_dart_annotations:
    dependency: transitive
    description:
      name: df_safer_dart_annotations
      sha256: "154f0f7f579190a9ab8f89b0de0235e6500f46fcc3b1f2feacf8599f58fe66b2"
      url: "https://pub.dev"
    source: hosted
    version: "0.2.0"
  df_type:
    dependency: transitive
    description:
      name: df_type
      sha256: ab3da91736d106264df283a91e8f0cc56372f55ff96f871062327971488ebb18
      url: "https://pub.dev"
    source: hosted
    version: "0.14.2"
  equatable:
    dependency: transitive
    description:
      name: equatable
      sha256: "567c64b3cb4cf82397aac55f4f0cbd3ca20d77c6c03bedbc4ceaddc08904aef7"
      url: "https://pub.dev"
    source: hosted
    version: "2.0.7"
  fixnum:
    dependency: transitive
    description:
      name: fixnum
      sha256: b6dc7065e46c974bc7c5f143080a6764ec7a4be6da1285ececdc37be96de53be
      url: "https://pub.dev"
    source: hosted
    version: "1.1.1"
  lints:
    dependency: "direct dev"
    description:
      name: lints
      sha256: a5e2b223cb7c9c8efdc663ef484fdd95bb243bff242ef5b13e26883547fce9a0
      url: "https://pub.dev"
    source: hosted
    version: "6.0.0"
  meta:
    dependency: transitive
    description:
      name: meta
      sha256: "23f08335362185a5ea2ad3a4e597f1375e78bce8a040df5c600c8d3552ef2394"
      url: "https://pub.dev"
    source: hosted
    version: "1.17.0"
  path:
    dependency: transitive
    description:
      name: path
      sha256: "75cca69d1490965be98c73ceaea117e8a04dd21217b37b292c9ddbec0d955bc5"
      url: "https://pub.dev"
    source: hosted
    version: "1.9.1"
  sprintf:
    dependency: transitive
    description:
      name: sprintf
      sha256: "1fc9ffe69d4df602376b52949af107d8f5703b77cda567c4d7d86a0693120f23"
      url: "https://pub.dev"
    source: hosted
    version: "7.0.0"
  stack_trace:
    dependency: transitive
    description:
      name: stack_trace
      sha256: "8b27215b45d22309b5cddda1aa2b19bdfec9df0e765f2de506401c071d38d1b1"
      url: "https://pub.dev"
    source: hosted
    version: "1.12.1"
  typed_data:
    dependency: transitive
    description:
      name: typed_data
      sha256: f9049c039ebfeb4cf7a7104a675823cd72dba8297f264b6637062516699fa006
      url: "https://pub.dev"
    source: hosted
    version: "1.4.0"
  uuid:
    dependency: transitive
    description:
      name: uuid
      sha256: a5be9ef6618a7ac1e964353ef476418026db906c4facdedaa299b7a2e71690ff
      url: "https://pub.dev"
    source: hosted
    version: "4.5.1"
sdks:
  dart: ">=3.8.1 <4.0.0"
